
Microsoft Visual Studio Solution File, Format Version 12.00
# Visual Studio Version 17
VisualStudioVersion = 17.2.32616.157
MinimumVisualStudioVersion = 10.0.40219.1
Project("{FAE04EC0-301F-11D3-BF4B-00C04F79EFBC}") = "Municipalidad.Abastecimiento.WebAPI", "Municipalidad\Municipalidad.Abastecimiento.WebAPI.csproj", "{EA5595ED-318F-45F3-BC7B-5A9FE972D18C}"
EndProject
Global
	GlobalSection(SolutionConfigurationPlatforms) = preSolution
		Debug|Any CPU = Debug|Any CPU
		Release|Any CPU = Release|Any CPU
	EndGlobalSection
	GlobalSection(ProjectConfigurationPlatforms) = postSolution
		{EA5595ED-318F-45F3-BC7B-5A9FE972D18C}.Debug|Any CPU.ActiveCfg = Debug|Any CPU
		{EA5595ED-318F-45F3-BC7B-5A9FE972D18C}.Debug|Any CPU.Build.0 = Debug|Any CPU
		{EA5595ED-318F-45F3-BC7B-5A9FE972D18C}.Release|Any CPU.ActiveCfg = Release|Any CPU
		{EA5595ED-318F-45F3-BC7B-5A9FE972D18C}.Release|Any CPU.Build.0 = Release|Any CPU
	EndGlobalSection
	GlobalSection(SolutionProperties) = preSolution
		HideSolutionNode = FALSE
	EndGlobalSection
	GlobalSection(ExtensibilityGlobals) = postSolution
		SolutionGuid = {85800308-ABDD-4EAE-B541-D997DAE95F99}
	EndGlobalSection
EndGlobal
